
Microsoft Visual Studio Solution File, Format Version 12.00
Project("{FAE04EC0-301F-11D3-BF4B-00C04F79EFBC}") = "PrintCalculator.API", "src\PrintCalculator.API\PrintCalculator.API.csproj", "{10C374E7-17E7-45E8-A615-08ACC5B34D70}"
EndProject
Project("{FAE04EC0-301F-11D3-BF4B-00C04F79EFBC}") = "PrintCalculator.Core", "src\PrintCalculator.Core\PrintCalculator.Core.csproj", "{4E75B4CF-2A09-4D18-A28A-DB9215A0CF86}"
EndProject
Project("{FAE04EC0-301F-11D3-BF4B-00C04F79EFBC}") = "PrintCalculator.Infrastructure", "src\PrintCalculator.Infrastructure\PrintCalculator.Infrastructure.csproj", "{C578FBD1-426C-4646-ABEE-287D165A0147}"
EndProject
Project("{2150E333-8FDC-42A3-9474-1A3956D46DE8}") = "tests", "tests", "{C6590960-499B-44D8-B997-376312992EC9}"
EndProject
Project("{FAE04EC0-301F-11D3-BF4B-00C04F79EFBC}") = "PrintCalculator.API.Integration", "..\tests\PrintCalculator.API\PrintCalculator.API.Integration\PrintCalculator.API.Integration.csproj", "{5FB48C3C-5462-442D-9342-CCD101CAC88E}"
EndProject
Project("{FAE04EC0-301F-11D3-BF4B-00C04F79EFBC}") = "PrintCalculator.Core.Unit", "..\tests\PrintCalculator.Core\PrintCalculator.Core.Unit\PrintCalculator.Core.Unit.csproj", "{D7AA2D22-4767-4345-BAFC-BB792BB3B9A6}"
EndProject
Global
	GlobalSection(SolutionConfigurationPlatforms) = preSolution
		Debug|Any CPU = Debug|Any CPU
		Release|Any CPU = Release|Any CPU
	EndGlobalSection
	GlobalSection(ProjectConfigurationPlatforms) = postSolution
		{10C374E7-17E7-45E8-A615-08ACC5B34D70}.Debug|Any CPU.ActiveCfg = Debug|Any CPU
		{10C374E7-17E7-45E8-A615-08ACC5B34D70}.Debug|Any CPU.Build.0 = Debug|Any CPU
		{10C374E7-17E7-45E8-A615-08ACC5B34D70}.Release|Any CPU.ActiveCfg = Release|Any CPU
		{10C374E7-17E7-45E8-A615-08ACC5B34D70}.Release|Any CPU.Build.0 = Release|Any CPU
		{4E75B4CF-2A09-4D18-A28A-DB9215A0CF86}.Debug|Any CPU.ActiveCfg = Debug|Any CPU
		{4E75B4CF-2A09-4D18-A28A-DB9215A0CF86}.Debug|Any CPU.Build.0 = Debug|Any CPU
		{4E75B4CF-2A09-4D18-A28A-DB9215A0CF86}.Release|Any CPU.ActiveCfg = Release|Any CPU
		{4E75B4CF-2A09-4D18-A28A-DB9215A0CF86}.Release|Any CPU.Build.0 = Release|Any CPU
		{C578FBD1-426C-4646-ABEE-287D165A0147}.Debug|Any CPU.ActiveCfg = Debug|Any CPU
		{C578FBD1-426C-4646-ABEE-287D165A0147}.Debug|Any CPU.Build.0 = Debug|Any CPU
		{C578FBD1-426C-4646-ABEE-287D165A0147}.Release|Any CPU.ActiveCfg = Release|Any CPU
		{C578FBD1-426C-4646-ABEE-287D165A0147}.Release|Any CPU.Build.0 = Release|Any CPU
		{5FB48C3C-5462-442D-9342-CCD101CAC88E}.Debug|Any CPU.ActiveCfg = Debug|Any CPU
		{5FB48C3C-5462-442D-9342-CCD101CAC88E}.Debug|Any CPU.Build.0 = Debug|Any CPU
		{5FB48C3C-5462-442D-9342-CCD101CAC88E}.Release|Any CPU.ActiveCfg = Release|Any CPU
		{5FB48C3C-5462-442D-9342-CCD101CAC88E}.Release|Any CPU.Build.0 = Release|Any CPU
		{D7AA2D22-4767-4345-BAFC-BB792BB3B9A6}.Debug|Any CPU.ActiveCfg = Debug|Any CPU
		{D7AA2D22-4767-4345-BAFC-BB792BB3B9A6}.Debug|Any CPU.Build.0 = Debug|Any CPU
		{D7AA2D22-4767-4345-BAFC-BB792BB3B9A6}.Release|Any CPU.ActiveCfg = Release|Any CPU
		{D7AA2D22-4767-4345-BAFC-BB792BB3B9A6}.Release|Any CPU.Build.0 = Release|Any CPU
	EndGlobalSection
	GlobalSection(NestedProjects) = preSolution
		{5FB48C3C-5462-442D-9342-CCD101CAC88E} = {C6590960-499B-44D8-B997-376312992EC9}
		{D7AA2D22-4767-4345-BAFC-BB792BB3B9A6} = {C6590960-499B-44D8-B997-376312992EC9}
	EndGlobalSection
EndGlobal
